lockfileVersion: '9.0'

settings:
  autoInstallPeers: true
  excludeLinksFromLockfile: false

importers:

  .:
    dependencies:
      '@credopass/lib':
        specifier: workspace:*
        version: link:../../packages/lib
      '@credopass/ui':
        specifier: workspace:*
        version: link:../../packages/ui
      '@fontsource-variable/inter':
        specifier: ^5.2.8
        version: 5.2.8
      '@fullcalendar/core':
        specifier: ^6.1.19
        version: 6.1.20
      '@fullcalendar/daygrid':
        specifier: ^6.1.19
        version: 6.1.20(@fullcalendar/core@6.1.20)
      '@fullcalendar/interaction':
        specifier: ^6.1.19
        version: 6.1.20(@fullcalendar/core@6.1.20)
      '@fullcalendar/list':
        specifier: ^6.1.19
        version: 6.1.20(@fullcalendar/core@6.1.20)
      '@fullcalendar/react':
        specifier: ^6.1.19
        version: 6.1.20(@fullcalendar/core@6.1.20)(react-dom@19.2.4(react@19.2.4))(react@19.2.4)
      '@fullcalendar/timegrid':
        specifier: ^6.1.19
        version: 6.1.20(@fullcalendar/core@6.1.20)
      '@tanstack/db':
        specifier: ^0.5.17
        version: 0.5.26(typescript@5.9.3)
      '@tanstack/query-core':
        specifier: ^5.90.16
        version: 5.90.20
      '@tanstack/query-db-collection':
        specifier: ^1.0.6
        version: 1.0.23(@tanstack/query-core@5.90.20)(typescript@5.9.3)
      '@tanstack/react-db':
        specifier: ^0.1.60
        version: 0.1.70(react@19.2.4)(typescript@5.9.3)
      '@tanstack/react-form':
        specifier: ^1.27.7
        version: 1.28.2(react-dom@19.2.4(react@19.2.4))(react@19.2.4)
      '@tanstack/react-query':
        specifier: ^5.90.12
        version: 5.90.21(react@19.2.4)
      '@tanstack/react-router':
        specifier: ^1.140.5
        version: 1.159.10(react-dom@19.2.4(react@19.2.4))(react@19.2.4)
      '@vercel/analytics':
        specifier: ^1.6.1
        version: 1.6.1(react@19.2.4)
      ag-grid-community:
        specifier: ^35.0.0
        version: 35.1.0
      ag-grid-react:
        specifier: ^35.0.0
        version: 35.1.0(react-dom@19.2.4(react@19.2.4))(react@19.2.4)
      clsx:
        specifier: ^2.1.1
        version: 2.1.1
      lucide-react:
        specifier: ^0.562.0
        version: 0.562.0(react@19.2.4)
      qrcode.react:
        specifier: ^4.2.0
        version: 4.2.0(react@19.2.4)
      react:
        specifier: ^19.2.1
        version: 19.2.4
      react-dom:
        specifier: ^19.2.1
        version: 19.2.4(react@19.2.4)
      recharts:
        specifier: 3.6.0
        version: 3.6.0(react-dom@19.2.4(react@19.2.4))(react-is@16.13.1)(react@19.2.4)(redux@5.0.1)
      tailwind-merge:
        specifier: ^3.4.0
        version: 3.4.0
      tw-animate-css:
        specifier: ^1.4.0
        version: 1.4.0
      zod:
        specifier: ^4.3.5
        version: 4.3.6
      zustand:
        specifier: ^5.0.9
        version: 5.0.11(immer@11.1.4)(react@19.2.4)(use-sync-external-store@1.6.0(react@19.2.4))

packages:

  '@fontsource-variable/inter@5.2.8':
    resolution: {integrity: sha512-kOfP2D+ykbcX/P3IFnokOhVRNoTozo5/JxhAIVYLpea/UBmCQ/YWPBfWIDuBImXX/15KH+eKh4xpEUyS2sQQGQ==}

  '@fullcalendar/core@6.1.20':
    resolution: {integrity: sha512-1cukXLlePFiJ8YKXn/4tMKsy0etxYLCkXk8nUCFi11nRONF2Ba2CD5b21/ovtOO2tL6afTJfwmc1ed3HG7eB1g==}

  '@fullcalendar/daygrid@6.1.20':
    resolution: {integrity: sha512-AO9vqhkLP77EesmJzuU+IGXgxNulsA8mgQHynclJ8U70vSwAVnbcLG9qftiTAFSlZjiY/NvhE7sflve6cJelyQ==}
    peerDependencies:
      '@fullcalendar/core': ~6.1.20

  '@fullcalendar/interaction@6.1.20':
    resolution: {integrity: sha512-p6txmc5txL0bMiPaJxe2ip6o0T384TyoD2KGdsU6UjZ5yoBlaY+dg7kxfnYKpYMzEJLG58n+URrHr2PgNL2fyA==}
    peerDependencies:
      '@fullcalendar/core': ~6.1.20

  '@fullcalendar/list@6.1.20':
    resolution: {integrity: sha512-7Hzkbb7uuSqrXwTyD0Ld/7SwWNxPD6SlU548vtkIpH55rZ4qquwtwYdMPgorHos5OynHA4OUrZNcH51CjrCf2g==}
    peerDependencies:
      '@fullcalendar/core': ~6.1.20

  '@fullcalendar/react@6.1.20':
    resolution: {integrity: sha512-1w0pZtceaUdfAnxMSCGHCQalhi+mR1jOe76sXzyAXpcPz/Lf0zHSdcGK/U2XpZlnQgQtBZW+d+QBnnzVQKCxAA==}
    peerDependencies:
      '@fullcalendar/core': ~6.1.20
      react: ^16.7.0 || ^17 || ^18 || ^19
      react-dom: ^16.7.0 || ^17 || ^18 || ^19

  '@fullcalendar/timegrid@6.1.20':
    resolution: {integrity: sha512-4H+/MWbz3ntA50lrPif+7TsvMeX3R1GSYjiLULz0+zEJ7/Yfd9pupZmAwUs/PBpA6aAcFmeRr0laWfcz1a9V1A==}
    peerDependencies:
      '@fullcalendar/core': ~6.1.20

  '@reduxjs/toolkit@2.11.2':
    resolution: {integrity: sha512-Kd6kAHTA6/nUpp8mySPqj3en3dm0tdMIgbttnQ1xFMVpufoj+ADi8pXLBsd4xzTRHQa7t/Jv8W5UnCuW4kuWMQ==}
    peerDependencies:
      react: ^16.9.0 || ^17.0.0 || ^18 || ^19
      react-redux: ^7.2.1 || ^8.1.3 || ^9.0.0
    peerDependenciesMeta:
      react:
        optional: true
      react-redux:
        optional: true

  '@standard-schema/spec@1.1.0':
    resolution: {integrity: sha512-l2aFy5jALhniG5HgqrD6jXLi/rUWrKvqN/qJx6yoJsgKhblVd+iqqU4RCXavm/jPityDo5TCvKMnpjKnOriy0w==}

  '@standard-schema/utils@0.3.0':
    resolution: {integrity: sha512-e7Mew686owMaPJVNNLs55PUvgz371nKgwsc4vxE49zsODpJEnxgxRo2y/OKrqueavXgZNMDVj3DdHFlaSAeU8g==}

  '@tanstack/db-ivm@0.1.17':
    resolution: {integrity: sha512-DK7vm56CDxNuRAdsbiPs+gITJ+16tUtYgZg3BRTLYKGIDsy8sdIO7sQFq5zl7Y+aIKAPmMAbVp9UjJ75FTtwgQ==}
    peerDependencies:
      typescript: '>=4.7'

  '@tanstack/db@0.5.26':
    resolution: {integrity: sha512-W8h4P/7Qm8URl9gk6AI/FQi4k9e713SViG4kZJAmiTzFRJRAlodApZAOb35VB9U/eORgyTfNs4gdUtyv3iBjbA==}
    peerDependencies:
      typescript: '>=4.7'

  '@tanstack/devtools-event-client@0.4.0':
    resolution: {integrity: sha512-RPfGuk2bDZgcu9bAJodvO2lnZeHuz4/71HjZ0bGb/SPg8+lyTA+RLSKQvo7fSmPSi8/vcH3aKQ8EM9ywf1olaw==}
    engines: {node: '>=18'}

  '@tanstack/form-core@1.28.2':
    resolution: {integrity: sha512-HghwxfvnQ0NlbKUWNTsQEVDC5RVn1ePqmb/t6RVhVVhv/KDKHIla7PSqrak4oSx6FaGK8NHIoRXjKupa2s7YpQ==}

  '@tanstack/history@1.154.14':
    resolution: {integrity: sha512-xyIfof8eHBuub1CkBnbKNKQXeRZC4dClhmzePHVOEel4G7lk/dW+TQ16da7CFdeNLv6u6Owf5VoBQxoo6DFTSA==}
    engines: {node: '>=12'}

  '@tanstack/pacer-lite@0.1.1':
    resolution: {integrity: sha512-y/xtNPNt/YeyoVxE/JCx+T7yjEzpezmbb+toK8DDD1P4m7Kzs5YR956+7OKexG3f8aXgC3rLZl7b1V+yNUSy5w==}
    engines: {node: '>=18'}

  '@tanstack/pacer-lite@0.2.1':
    resolution: {integrity: sha512-3PouiFjR4B6x1c969/Pl4ZIJleof1M0n6fNX8NRiC9Sqv1g06CVDlEaXUR4212ycGFyfq4q+t8Gi37Xy+z34iQ==}
    engines: {node: '>=18'}

  '@tanstack/query-core@5.90.20':
    resolution: {integrity: sha512-OMD2HLpNouXEfZJWcKeVKUgQ5n+n3A2JFmBaScpNDUqSrQSjiveC7dKMe53uJUg1nDG16ttFPz2xfilz6i2uVg==}

  '@tanstack/query-db-collection@1.0.23':
    resolution: {integrity: sha512-2xVUvfOuW1wVx8zS5vgsy1Wt45P+3Nt3bGnGqWWqynLrU4guIM1V+VvoBaFI5ZleaIc0xZMpPS3fwIALh1OggA==}
    peerDependencies:
      '@tanstack/query-core': ^5.0.0
      typescript: '>=4.7'

  '@tanstack/react-db@0.1.70':
    resolution: {integrity: sha512-OISznZtrjkbyktbAoj/2KyFf9Xv9vr7JfkQO4od4eH76X+vQXYZkVgs2IV5sM27YNatOyf1Or4BEELIbyYB4xA==}
    peerDependencies:
      react: '>=16.8.0'

  '@tanstack/react-form@1.28.2':
    resolution: {integrity: sha512-1x1Jcnu8sY03kI9LRNrD3euo+mnEdxFqZ0we98go84mew8fvgjiuNU62MiudMSEQ5tU0CcctRLWq3f3aT/yygw==}
    peerDependencies:
      '@tanstack/react-start': '*'
      react: ^17.0.0 || ^18.0.0 || ^19.0.0
    peerDependenciesMeta:
      '@tanstack/react-start':
        optional: true

  '@tanstack/react-query@5.90.21':
    resolution: {integrity: sha512-0Lu6y5t+tvlTJMTO7oh5NSpJfpg/5D41LlThfepTixPYkJ0sE2Jj0m0f6yYqujBwIXlId87e234+MxG3D3g7kg==}
    peerDependencies:
      react: ^18 || ^19

  '@tanstack/react-router@1.159.10':
    resolution: {integrity: sha512-PQO6hpnqNALmotXasfCafVBWWKpxChmYbXRjwPZQQq8au7m71z4WtAHsmUA2v/uqqhsvE9ySyWVx/Ece/Uq2ZQ==}
    engines: {node: '>=12'}
    peerDependencies:
      react: '>=18.0.0 || >=19.0.0'
      react-dom: '>=18.0.0 || >=19.0.0'

  '@tanstack/react-store@0.8.0':
    resolution: {integrity: sha512-1vG9beLIuB7q69skxK9r5xiLN3ztzIPfSQSs0GfeqWGO2tGIyInZx0x1COhpx97RKaONSoAb8C3dxacWksm1ow==}
    peerDependencies:
      react: ^16.8.0 || ^17.0.0 || ^18.0.0 || ^19.0.0
      react-dom: ^16.8.0 || ^17.0.0 || ^18.0.0 || ^19.0.0

  '@tanstack/router-core@1.159.9':
    resolution: {integrity: sha512-A9B8gvklvMCjSAFG8nDAhfmROI8kjcij8wzznQaw4RfGIOrYXyNe5fCAcbHXGpgNeTE2JnK75b6AjidDPQfrmw==}
    engines: {node: '>=12'}

  '@tanstack/store@0.8.0':
    resolution: {integrity: sha512-Om+BO0YfMZe//X2z0uLF2j+75nQga6TpTJgLJQBiq85aOyZNIhkCgleNcud2KQg4k4v9Y9l+Uhru3qWMPGTOzQ==}

  '@types/d3-array@3.2.2':
    resolution: {integrity: sha512-hOLWVbm7uRza0BYXpIIW5pxfrKe0W+D5lrFiAEYR+pb6w3N2SwSMaJbXdUfSEv+dT4MfHBLtn5js0LAWaO6otw==}

  '@types/d3-color@3.1.3':
    resolution: {integrity: sha512-iO90scth9WAbmgv7ogoq57O9YpKmFBbmoEoCHDB2xMBY0+/KVrqAaCDyCE16dUspeOvIxFFRI+0sEtqDqy2b4A==}

  '@types/d3-ease@3.0.2':
    resolution: {integrity: sha512-NcV1JjO5oDzoK26oMzbILE6HW7uVXOHLQvHshBUW4UMdZGfiY6v5BeQwh9a9tCzv+CeefZQHJt5SRgK154RtiA==}

  '@types/d3-interpolate@3.0.4':
    resolution: {integrity: sha512-mgLPETlrpVV1YRJIglr4Ez47g7Yxjl1lj7YKsiMCb27VJH9W8NVM6Bb9d8kkpG/uAQS5AmbA48q2IAolKKo1MA==}

  '@types/d3-path@3.1.1':
    resolution: {integrity: sha512-VMZBYyQvbGmWyWVea0EHs/BwLgxc+MKi1zLDCONksozI4YJMcTt8ZEuIR4Sb1MMTE8MMW49v0IwI5+b7RmfWlg==}

  '@types/d3-scale@4.0.9':
    resolution: {integrity: sha512-dLmtwB8zkAeO/juAMfnV+sItKjlsw2lKdZVVy6LRr0cBmegxSABiLEpGVmSJJ8O08i4+sGR6qQtb6WtuwJdvVw==}

  '@types/d3-shape@3.1.8':
    resolution: {integrity: sha512-lae0iWfcDeR7qt7rA88BNiqdvPS5pFVPpo5OfjElwNaT2yyekbM0C9vK+yqBqEmHr6lDkRnYNoTBYlAgJa7a4w==}

  '@types/d3-time@3.0.4':
    resolution: {integrity: sha512-yuzZug1nkAAaBlBBikKZTgzCeA+k1uy4ZFwWANOfKw5z5LRhV0gNA7gNkKm7HoK+HRN0wX3EkxGk0fpbWhmB7g==}

  '@types/d3-timer@3.0.2':
    resolution: {integrity: sha512-Ps3T8E8dZDam6fUyNiMkekK3XUsaUEik+idO9/YjPtfj2qruF8tFBXS7XhtE4iIXBLxhmLjP3SXpLhVf21I9Lw==}

  '@types/use-sync-external-store@0.0.6':
    resolution: {integrity: sha512-zFDAD+tlpf2r4asuHEj0XH6pY6i0g5NeAHPn+15wk3BV6JA69eERFXC1gyGThDkVa1zCyKr5jox1+2LbV/AMLg==}

  '@vercel/analytics@1.6.1':
    resolution: {integrity: sha512-oH9He/bEM+6oKlv3chWuOOcp8Y6fo6/PSro8hEkgCW3pu9/OiCXiUpRUogDh3Fs3LH2sosDrx8CxeOLBEE+afg==}
    peerDependencies:
      '@remix-run/react': ^2
      '@sveltejs/kit': ^1 || ^2
      next: '>= 13'
      react: ^18 || ^19 || ^19.0.0-rc
      svelte: '>= 4'
      vue: ^3
      vue-router: ^4
    peerDependenciesMeta:
      '@remix-run/react':
        optional: true
      '@sveltejs/kit':
        optional: true
      next:
        optional: true
      react:
        optional: true
      svelte:
        optional: true
      vue:
        optional: true
      vue-router:
        optional: true

  ag-charts-types@13.1.0:
    resolution: {integrity: sha512-DytRM3CXli+Y013SC1Mr8lQBrhVTACK+11ilDHOhwUM0sRpmGuR51XFGcBKOliW1Vas1AycP31Cm3Pp0jx3hqw==}

  ag-grid-community@35.1.0:
    resolution: {integrity: sha512-yWFQfRNjv3KUBkHHzFdDOYGjPcDMU0B8Up4qG651diFlGRUGEGVs94SK73niWvk1FDZdpV9oWrwq3f30/qAoVg==}

  ag-grid-react@35.1.0:
    resolution: {integrity: sha512-n8pJh4RTpos8stzz91nEhTCZZdLy9bjQYAGxIxJ8ocVagnEsAk9T5Vz/VEKUhOGz36il68n7TVbVWSuUA3a+mg==}
    peerDependencies:
      react: ^16.8.0 || ^17.0.0 || ^18.0.0 || ^19.0.0
      react-dom: ^16.8.0 || ^17.0.0 || ^18.0.0 || ^19.0.0

  clsx@2.1.1:
    resolution: {integrity: sha512-eYm0QWBtUrBWZWG0d386OGAw16Z995PiOVo2B7bjWSbHedGl5e0ZWaq65kOGgUSNesEIDkB9ISbTg/JK9dhCZA==}
    engines: {node: '>=6'}

  cookie-es@2.0.0:
    resolution: {integrity: sha512-RAj4E421UYRgqokKUmotqAwuplYw15qtdXfY+hGzgCJ/MBjCVZcSoHK/kH9kocfjRjcDME7IiDWR/1WX1TM2Pg==}

  d3-array@3.2.4:
    resolution: {integrity: sha512-tdQAmyA18i4J7wprpYq8ClcxZy3SC31QMeByyCFyRt7BVHdREQZ5lpzoe5mFEYZUWe+oq8HBvk9JjpibyEV4Jg==}
    engines: {node: '>=12'}

  d3-color@3.1.0:
    resolution: {integrity: sha512-zg/chbXyeBtMQ1LbD/WSoW2DpC3I0mpmPdW+ynRTj/x2DAWYrIY7qeZIHidozwV24m4iavr15lNwIwLxRmOxhA==}
    engines: {node: '>=12'}

  d3-ease@3.0.1:
    resolution: {integrity: sha512-wR/XK3D3XcLIZwpbvQwQ5fK+8Ykds1ip7A2Txe0yxncXSdq1L9skcG7blcedkOX+ZcgxGAmLX1FrRGbADwzi0w==}
    engines: {node: '>=12'}

  d3-format@3.1.2:
    resolution: {integrity: sha512-AJDdYOdnyRDV5b6ArilzCPPwc1ejkHcoyFarqlPqT7zRYjhavcT3uSrqcMvsgh2CgoPbK3RCwyHaVyxYcP2Arg==}
    engines: {node: '>=12'}

  d3-interpolate@3.0.1:
    resolution: {integrity: sha512-3bYs1rOD33uo8aqJfKP3JWPAibgw8Zm2+L9vBKEHJ2Rg+viTR7o5Mmv5mZcieN+FRYaAOWX5SJATX6k1PWz72g==}
    engines: {node: '>=12'}

  d3-path@3.1.0:
    resolution: {integrity: sha512-p3KP5HCf/bvjBSSKuXid6Zqijx7wIfNW+J/maPs+iwR35at5JCbLUT0LzF1cnjbCHWhqzQTIN2Jpe8pRebIEFQ==}
    engines: {node: '>=12'}

  d3-scale@4.0.2:
    resolution: {integrity: sha512-GZW464g1SH7ag3Y7hXjf8RoUuAFIqklOAq3MRl4OaWabTFJY9PN/E1YklhXLh+OQ3fM9yS2nOkCoS+WLZ6kvxQ==}
    engines: {node: '>=12'}

  d3-shape@3.2.0:
    resolution: {integrity: sha512-SaLBuwGm3MOViRq2ABk3eLoxwZELpH6zhl3FbAoJ7Vm1gofKx6El1Ib5z23NUEhF9AsGl7y+dzLe5Cw2AArGTA==}
    engines: {node: '>=12'}

  d3-time-format@4.1.0:
    resolution: {integrity: sha512-dJxPBlzC7NugB2PDLwo9Q8JiTR3M3e4/XANkreKSUxF8vvXKqm1Yfq4Q5dl8budlunRVlUUaDUgFt7eA8D6NLg==}
    engines: {node: '>=12'}

  d3-time@3.1.0:
    resolution: {integrity: sha512-VqKjzBLejbSMT4IgbmVgDjpkYrNWUYJnbCGo874u7MMKIWsILRX+OpX/gTk8MqjpT1A/c6HY2dCA77ZN0lkQ2Q==}
    engines: {node: '>=12'}

  d3-timer@3.0.1:
    resolution: {integrity: sha512-ndfJ/JxxMd3nw31uyKoY2naivF+r29V+Lc0svZxe1JvvIRmi8hUsrMvdOwgS1o6uBHmiz91geQ0ylPP0aj1VUA==}
    engines: {node: '>=12'}

  decimal.js-light@2.5.1:
    resolution: {integrity: sha512-qIMFpTMZmny+MMIitAB6D7iVPEorVw6YQRWkvarTkT4tBeSLLiHzcwj6q0MmYSFCiVpiqPJTJEYIrpcPzVEIvg==}

  es-toolkit@1.44.0:
    resolution: {integrity: sha512-6penXeZalaV88MM3cGkFZZfOoLGWshWWfdy0tWw/RlVVyhvMaWSBTOvXNeiW3e5FwdS5ePW0LGEu17zT139ktg==}

  eventemitter3@5.0.4:
    resolution: {integrity: sha512-mlsTRyGaPBjPedk6Bvw+aqbsXDtoAyAzm5MO7JgU+yVRyMQ5O8bD4Kcci7BS85f93veegeCPkL8R4GLClnjLFw==}

  fractional-indexing@3.2.0:
    resolution: {integrity: sha512-PcOxmqwYCW7O2ovKRU8OoQQj2yqTfEB/yeTYk4gPid6dN5ODRfU1hXd9tTVZzax/0NkO7AxpHykvZnT1aYp/BQ==}
    engines: {node: ^14.13.1 || >=16.0.0}

  immer@10.2.0:
    resolution: {integrity: sha512-d/+XTN3zfODyjr89gM3mPq1WNX2B8pYsu7eORitdwyA2sBubnTl3laYlBk4sXY5FUa5qTZGBDPJICVbvqzjlbw==}

  immer@11.1.4:
    resolution: {integrity: sha512-XREFCPo6ksxVzP4E0ekD5aMdf8WMwmdNaz6vuvxgI40UaEiu6q3p8X52aU6GdyvLY3XXX/8R7JOTXStz/nBbRw==}

  internmap@2.0.3:
    resolution: {integrity: sha512-5Hh7Y1wQbvY5ooGgPbDaL5iYLAPzMTUrjMulskHLH6wnv/A+1q5rgEaiuqEjB+oxGXIVZs1FF+R/KPN3ZSQYYg==}
    engines: {node: '>=12'}

  isbot@5.1.35:
    resolution: {integrity: sha512-waFfC72ZNfwLLuJ2iLaoVaqcNo+CAaLR7xCpAn0Y5WfGzkNHv7ZN39Vbi1y+kb+Zs46XHOX3tZNExroFUPX+Kg==}
    engines: {node: '>=18'}

  js-tokens@4.0.0:
    resolution: {integrity: sha512-RdJUflcE3cUzKiMqQgsCu06FPu9UdIJO0beYbPhHN4k6apgJtifcoCtT9bcxOpYBtpD2kCM6Sbzg4CausW/PKQ==}

  loose-envify@1.4.0:
    resolution: {integrity: sha512-lyuxPGr/Wfhrlem2CL/UcnUc1zcqKAImBDzukY7Y5F/yQiNdko6+fRLevlw1HgMySw7f611UIY408EtxRSoK3Q==}
    hasBin: true

  lucide-react@0.562.0:
    resolution: {integrity: sha512-82hOAu7y0dbVuFfmO4bYF1XEwYk/mEbM5E+b1jgci/udUBEE/R7LF5Ip0CCEmXe8AybRM8L+04eP+LGZeDvkiw==}
    peerDependencies:
      react: ^16.5.1 || ^17.0.0 || ^18.0.0 || ^19.0.0

  object-assign@4.1.1:
    resolution: {integrity: sha512-rJgTQnkUnH1sFw8yT6VSU3zD3sWmu6sZhIseY8VX+GRu3P6F7Fu+JNDoXfklElbLJSnc3FUQHVe4cU5hj+BcUg==}
    engines: {node: '>=0.10.0'}

  preact@10.12.1:
    resolution: {integrity: sha512-l8386ixSsBdbreOAkqtrwqHwdvR35ID8c3rKPa8lCWuO86dBi32QWHV4vfsZK1utLLFMvw+Z5Ad4XLkZzchscg==}

  prop-types@15.8.1:
    resolution: {integrity: sha512-oj87CgZICdulUohogVAR7AjlC0327U4el4L6eAvOqCeudMDVU0NThNaV+b9Df4dXgSP1gXMTnPdhfe/2qDH5cg==}

  qrcode.react@4.2.0:
    resolution: {integrity: sha512-QpgqWi8rD9DsS9EP3z7BT+5lY5SFhsqGjpgW5DY/i3mK4M9DTBNz3ErMi8BWYEfI3L0d8GIbGmcdFAS1uIRGjA==}
    peerDependencies:
      react: ^16.8.0 || ^17.0.0 || ^18.0.0 || ^19.0.0

  react-dom@19.2.4:
    resolution: {integrity: sha512-AXJdLo8kgMbimY95O2aKQqsz2iWi9jMgKJhRBAxECE4IFxfcazB2LmzloIoibJI3C12IlY20+KFaLv+71bUJeQ==}
    peerDependencies:
      react: ^19.2.4

  react-is@16.13.1:
    resolution: {integrity: sha512-24e6ynE2H+OKt4kqsOvNd8kBpV65zoxbA4BVsEOB3ARVWQki/DHzaUoC5KuON/BiccDaCCTZBuOcfZs70kR8bQ==}

  react-redux@9.2.0:
    resolution: {integrity: sha512-ROY9fvHhwOD9ySfrF0wmvu//bKCQ6AeZZq1nJNtbDC+kk5DuSuNX/n6YWYF/SYy7bSba4D4FSz8DJeKY/S/r+g==}
    peerDependencies:
      '@types/react': ^18.2.25 || ^19
      react: ^18.0 || ^19
      redux: ^5.0.0
    peerDependenciesMeta:
      '@types/react':
        optional: true
      redux:
        optional: true

  react@19.2.4:
    resolution: {integrity: sha512-9nfp2hYpCwOjAN+8TZFGhtWEwgvWHXqESH8qT89AT/lWklpLON22Lc8pEtnpsZz7VmawabSU0gCjnj8aC0euHQ==}
    engines: {node: '>=0.10.0'}

  recharts@3.6.0:
    resolution: {integrity: sha512-L5bjxvQRAe26RlToBAziKUB7whaGKEwD3znoM6fz3DrTowCIC/FnJYnuq1GEzB8Zv2kdTfaxQfi5GoH0tBinyg==}
    engines: {node: '>=18'}
    peerDependencies:
      react: ^16.8.0 || ^17.0.0 || ^18.0.0 || ^19.0.0
      react-dom: ^16.0.0 || ^17.0.0 || ^18.0.0 || ^19.0.0
      react-is: ^16.8.0 || ^17.0.0 || ^18.0.0 || ^19.0.0

  redux-thunk@3.1.0:
    resolution: {integrity: sha512-NW2r5T6ksUKXCabzhL9z+h206HQw/NJkcLm1GPImRQ8IzfXwRGqjVhKJGauHirT0DAuyy6hjdnMZaRoAcy0Klw==}
    peerDependencies:
      redux: ^5.0.0

  redux@5.0.1:
    resolution: {integrity: sha512-M9/ELqF6fy8FwmkpnF0S3YKOqMyoWJ4+CS5Efg2ct3oY9daQvd/Pc71FpGZsVsbl3Cpb+IIcjBDUnnyBdQbq4w==}

  reselect@5.1.1:
    resolution: {integrity: sha512-K/BG6eIky/SBpzfHZv/dd+9JBFiS4SWV7FIujVyJRux6e45+73RaUHXLmIR1f7WOMaQ0U1km6qwklRQxpJJY0w==}

  scheduler@0.27.0:
    resolution: {integrity: sha512-eNv+WrVbKu1f3vbYJT/xtiF5syA5HPIMtf9IgY/nKg0sWqzAUEvqY/xm7OcZc/qafLx/iO9FgOmeSAp4v5ti/Q==}

  seroval-plugins@1.5.0:
    resolution: {integrity: sha512-EAHqADIQondwRZIdeW2I636zgsODzoBDwb3PT/+7TLDWyw1Dy/Xv7iGUIEXXav7usHDE9HVhOU61irI3EnyyHA==}
    engines: {node: '>=10'}
    peerDependencies:
      seroval: ^1.0

  seroval@1.5.0:
    resolution: {integrity: sha512-OE4cvmJ1uSPrKorFIH9/w/Qwuvi/IMcGbv5RKgcJ/zjA/IohDLU6SVaxFN9FwajbP7nsX0dQqMDes1whk3y+yw==}
    engines: {node: '>=10'}

  sorted-btree@1.8.1:
    resolution: {integrity: sha512-395+XIP+wqNn3USkFSrNz7G3Ss/MXlZEqesxvzCRFwL14h6e8LukDHdLBePn5pwbm5OQ9vGu8mDyz2lLDIqamQ==}

  tailwind-merge@3.4.0:
    resolution: {integrity: sha512-uSaO4gnW+b3Y2aWoWfFpX62vn2sR3skfhbjsEnaBI81WD1wBLlHZe5sWf0AqjksNdYTbGBEd0UasQMT3SNV15g==}

  tiny-invariant@1.3.3:
    resolution: {integrity: sha512-+FbBPE1o9QAYvviau/qC5SE3caw21q3xkvWKBtja5vgqOWIHHJ3ioaq1VPfn/Szqctz2bU/oYeKd9/z5BL+PVg==}

  tiny-warning@1.0.3:
    resolution: {integrity: sha512-lBN9zLN/oAf68o3zNXYrdCt1kP8WsiGW8Oo2ka41b2IM5JL/S1CTyX1rW0mb/zSuJun0ZUrDxx4sqvYS2FWzPA==}

  tw-animate-css@1.4.0:
    resolution: {integrity: sha512-7bziOlRqH0hJx80h/3mbicLW7o8qLsH5+RaLR2t+OHM3D0JlWGODQKQ4cxbK7WlvmUxpcj6Kgu6EKqjrGFe3QQ==}

  typescript@5.9.3:
    resolution: {integrity: sha512-jl1vZzPDinLr9eUt3J/t7V6FgNEw9QjvBPdysz9KfQDD41fQrC2Y4vKQdiaUpFT4bXlb1RHhLpp8wtm6M5TgSw==}
    engines: {node: '>=14.17'}
    hasBin: true

  use-sync-external-store@1.6.0:
    resolution: {integrity: sha512-Pp6GSwGP/NrPIrxVFAIkOQeyw8lFenOHijQWkUTrDvrF4ALqylP2C/KCkeS9dpUM3KvYRQhna5vt7IL95+ZQ9w==}
    peerDependencies:
      react: ^16.8.0 || ^17.0.0 || ^18.0.0 || ^19.0.0

  victory-vendor@37.3.6:
    resolution: {integrity: sha512-SbPDPdDBYp+5MJHhBCAyI7wKM3d5ivekigc2Dk2s7pgbZ9wIgIBYGVw4zGHBml/qTFbexrofXW6Gu4noGxrOwQ==}

  zod@4.3.6:
    resolution: {integrity: sha512-rftlrkhHZOcjDwkGlnUtZZkvaPHCsDATp4pGpuOOMDaTdDDXF91wuVDJoWoPsKX/3YPQ5fHuF3STjcYyKr+Qhg==}

  zustand@5.0.11:
    resolution: {integrity: sha512-fdZY+dk7zn/vbWNCYmzZULHRrss0jx5pPFiOuMZ/5HJN6Yv3u+1Wswy/4MpZEkEGhtNH+pwxZB8OKgUBPzYAGg==}
    engines: {node: '>=12.20.0'}
    peerDependencies:
      '@types/react': '>=18.0.0'
      immer: '>=9.0.6'
      react: '>=18.0.0'
      use-sync-external-store: '>=1.2.0'
    peerDependenciesMeta:
      '@types/react':
        optional: true
      immer:
        optional: true
      react:
        optional: true
      use-sync-external-store:
        optional: true

snapshots:

  '@fontsource-variable/inter@5.2.8': {}

  '@fullcalendar/core@6.1.20':
    dependencies:
      preact: 10.12.1

  '@fullcalendar/daygrid@6.1.20(@fullcalendar/core@6.1.20)':
    dependencies:
      '@fullcalendar/core': 6.1.20

  '@fullcalendar/interaction@6.1.20(@fullcalendar/core@6.1.20)':
    dependencies:
      '@fullcalendar/core': 6.1.20

  '@fullcalendar/list@6.1.20(@fullcalendar/core@6.1.20)':
    dependencies:
      '@fullcalendar/core': 6.1.20

  '@fullcalendar/react@6.1.20(@fullcalendar/core@6.1.20)(react-dom@19.2.4(react@19.2.4))(react@19.2.4)':
    dependencies:
      '@fullcalendar/core': 6.1.20
      react: 19.2.4
      react-dom: 19.2.4(react@19.2.4)

  '@fullcalendar/timegrid@6.1.20(@fullcalendar/core@6.1.20)':
    dependencies:
      '@fullcalendar/core': 6.1.20
      '@fullcalendar/daygrid': 6.1.20(@fullcalendar/core@6.1.20)

  '@reduxjs/toolkit@2.11.2(react-redux@9.2.0(react@19.2.4)(redux@5.0.1))(react@19.2.4)':
    dependencies:
      '@standard-schema/spec': 1.1.0
      '@standard-schema/utils': 0.3.0
      immer: 11.1.4
      redux: 5.0.1
      redux-thunk: 3.1.0(redux@5.0.1)
      reselect: 5.1.1
    optionalDependencies:
      react: 19.2.4
      react-redux: 9.2.0(react@19.2.4)(redux@5.0.1)

  '@standard-schema/spec@1.1.0': {}

  '@standard-schema/utils@0.3.0': {}

  '@tanstack/db-ivm@0.1.17(typescript@5.9.3)':
    dependencies:
      fractional-indexing: 3.2.0
      sorted-btree: 1.8.1
      typescript: 5.9.3

  '@tanstack/db@0.5.26(typescript@5.9.3)':
    dependencies:
      '@standard-schema/spec': 1.1.0
      '@tanstack/db-ivm': 0.1.17(typescript@5.9.3)
      '@tanstack/pacer-lite': 0.2.1
      typescript: 5.9.3

  '@tanstack/devtools-event-client@0.4.0': {}

  '@tanstack/form-core@1.28.2':
    dependencies:
      '@tanstack/devtools-event-client': 0.4.0
      '@tanstack/pacer-lite': 0.1.1
      '@tanstack/store': 0.8.0

  '@tanstack/history@1.154.14': {}

  '@tanstack/pacer-lite@0.1.1': {}

  '@tanstack/pacer-lite@0.2.1': {}

  '@tanstack/query-core@5.90.20': {}

  '@tanstack/query-db-collection@1.0.23(@tanstack/query-core@5.90.20)(typescript@5.9.3)':
    dependencies:
      '@standard-schema/spec': 1.1.0
      '@tanstack/db': 0.5.26(typescript@5.9.3)
      '@tanstack/query-core': 5.90.20
      typescript: 5.9.3

  '@tanstack/react-db@0.1.70(react@19.2.4)(typescript@5.9.3)':
    dependencies:
      '@tanstack/db': 0.5.26(typescript@5.9.3)
      react: 19.2.4
      use-sync-external-store: 1.6.0(react@19.2.4)
    transitivePeerDependencies:
      - typescript

  '@tanstack/react-form@1.28.2(react-dom@19.2.4(react@19.2.4))(react@19.2.4)':
    dependencies:
      '@tanstack/form-core': 1.28.2
      '@tanstack/react-store': 0.8.0(react-dom@19.2.4(react@19.2.4))(react@19.2.4)
      react: 19.2.4
    transitivePeerDependencies:
      - react-dom

  '@tanstack/react-query@5.90.21(react@19.2.4)':
    dependencies:
      '@tanstack/query-core': 5.90.20
      react: 19.2.4

  '@tanstack/react-router@1.159.10(react-dom@19.2.4(react@19.2.4))(react@19.2.4)':
    dependencies:
      '@tanstack/history': 1.154.14
      '@tanstack/react-store': 0.8.0(react-dom@19.2.4(react@19.2.4))(react@19.2.4)
      '@tanstack/router-core': 1.159.9
      isbot: 5.1.35
      react: 19.2.4
      react-dom: 19.2.4(react@19.2.4)
      tiny-invariant: 1.3.3
      tiny-warning: 1.0.3

  '@tanstack/react-store@0.8.0(react-dom@19.2.4(react@19.2.4))(react@19.2.4)':
    dependencies:
      '@tanstack/store': 0.8.0
      react: 19.2.4
      react-dom: 19.2.4(react@19.2.4)
      use-sync-external-store: 1.6.0(react@19.2.4)

  '@tanstack/router-core@1.159.9':
    dependencies:
      '@tanstack/history': 1.154.14
      '@tanstack/store': 0.8.0
      cookie-es: 2.0.0
      seroval: 1.5.0
      seroval-plugins: 1.5.0(seroval@1.5.0)
      tiny-invariant: 1.3.3
      tiny-warning: 1.0.3

  '@tanstack/store@0.8.0': {}

  '@types/d3-array@3.2.2': {}

  '@types/d3-color@3.1.3': {}

  '@types/d3-ease@3.0.2': {}

  '@types/d3-interpolate@3.0.4':
    dependencies:
      '@types/d3-color': 3.1.3

  '@types/d3-path@3.1.1': {}

  '@types/d3-scale@4.0.9':
    dependencies:
      '@types/d3-time': 3.0.4

  '@types/d3-shape@3.1.8':
    dependencies:
      '@types/d3-path': 3.1.1

  '@types/d3-time@3.0.4': {}

  '@types/d3-timer@3.0.2': {}

  '@types/use-sync-external-store@0.0.6': {}

  '@vercel/analytics@1.6.1(react@19.2.4)':
    optionalDependencies:
      react: 19.2.4

  ag-charts-types@13.1.0: {}

  ag-grid-community@35.1.0:
    dependencies:
      ag-charts-types: 13.1.0

  ag-grid-react@35.1.0(react-dom@19.2.4(react@19.2.4))(react@19.2.4):
    dependencies:
      ag-grid-community: 35.1.0
      prop-types: 15.8.1
      react: 19.2.4
      react-dom: 19.2.4(react@19.2.4)

  clsx@2.1.1: {}

  cookie-es@2.0.0: {}

  d3-array@3.2.4:
    dependencies:
      internmap: 2.0.3

  d3-color@3.1.0: {}

  d3-ease@3.0.1: {}

  d3-format@3.1.2: {}

  d3-interpolate@3.0.1:
    dependencies:
      d3-color: 3.1.0

  d3-path@3.1.0: {}

  d3-scale@4.0.2:
    dependencies:
      d3-array: 3.2.4
      d3-format: 3.1.2
      d3-interpolate: 3.0.1
      d3-time: 3.1.0
      d3-time-format: 4.1.0

  d3-shape@3.2.0:
    dependencies:
      d3-path: 3.1.0

  d3-time-format@4.1.0:
    dependencies:
      d3-time: 3.1.0

  d3-time@3.1.0:
    dependencies:
      d3-array: 3.2.4

  d3-timer@3.0.1: {}

  decimal.js-light@2.5.1: {}

  es-toolkit@1.44.0: {}

  eventemitter3@5.0.4: {}

  fractional-indexing@3.2.0: {}

  immer@10.2.0: {}

  immer@11.1.4: {}

  internmap@2.0.3: {}

  isbot@5.1.35: {}

  js-tokens@4.0.0: {}

  loose-envify@1.4.0:
    dependencies:
      js-tokens: 4.0.0

  lucide-react@0.562.0(react@19.2.4):
    dependencies:
      react: 19.2.4

  object-assign@4.1.1: {}

  preact@10.12.1: {}

  prop-types@15.8.1:
    dependencies:
      loose-envify: 1.4.0
      object-assign: 4.1.1
      react-is: 16.13.1

  qrcode.react@4.2.0(react@19.2.4):
    dependencies:
      react: 19.2.4

  react-dom@19.2.4(react@19.2.4):
    dependencies:
      react: 19.2.4
      scheduler: 0.27.0

  react-is@16.13.1: {}

  react-redux@9.2.0(react@19.2.4)(redux@5.0.1):
    dependencies:
      '@types/use-sync-external-store': 0.0.6
      react: 19.2.4
      use-sync-external-store: 1.6.0(react@19.2.4)
    optionalDependencies:
      redux: 5.0.1

  react@19.2.4: {}

  recharts@3.6.0(react-dom@19.2.4(react@19.2.4))(react-is@16.13.1)(react@19.2.4)(redux@5.0.1):
    dependencies:
      '@reduxjs/toolkit': 2.11.2(react-redux@9.2.0(react@19.2.4)(redux@5.0.1))(react@19.2.4)
      clsx: 2.1.1
      decimal.js-light: 2.5.1
      es-toolkit: 1.44.0
      eventemitter3: 5.0.4
      immer: 10.2.0
      react: 19.2.4
      react-dom: 19.2.4(react@19.2.4)
      react-is: 16.13.1
      react-redux: 9.2.0(react@19.2.4)(redux@5.0.1)
      reselect: 5.1.1
      tiny-invariant: 1.3.3
      use-sync-external-store: 1.6.0(react@19.2.4)
      victory-vendor: 37.3.6
    transitivePeerDependencies:
      - '@types/react'
      - redux

  redux-thunk@3.1.0(redux@5.0.1):
    dependencies:
      redux: 5.0.1

  redux@5.0.1: {}

  reselect@5.1.1: {}

  scheduler@0.27.0: {}

  seroval-plugins@1.5.0(seroval@1.5.0):
    dependencies:
      seroval: 1.5.0

  seroval@1.5.0: {}

  sorted-btree@1.8.1: {}

  tailwind-merge@3.4.0: {}

  tiny-invariant@1.3.3: {}

  tiny-warning@1.0.3: {}

  tw-animate-css@1.4.0: {}

  typescript@5.9.3: {}

  use-sync-external-store@1.6.0(react@19.2.4):
    dependencies:
      react: 19.2.4

  victory-vendor@37.3.6:
    dependencies:
      '@types/d3-array': 3.2.2
      '@types/d3-ease': 3.0.2
      '@types/d3-interpolate': 3.0.4
      '@types/d3-scale': 4.0.9
      '@types/d3-shape': 3.1.8
      '@types/d3-time': 3.0.4
      '@types/d3-timer': 3.0.2
      d3-array: 3.2.4
      d3-ease: 3.0.1
      d3-interpolate: 3.0.1
      d3-scale: 4.0.2
      d3-shape: 3.2.0
      d3-time: 3.1.0
      d3-timer: 3.0.1

  zod@4.3.6: {}

  zustand@5.0.11(immer@11.1.4)(react@19.2.4)(use-sync-external-store@1.6.0(react@19.2.4)):
    optionalDependencies:
      immer: 11.1.4
      react: 19.2.4
      use-sync-external-store: 1.6.0(react@19.2.4)
